
Microsoft Visual Studio Solution File, Format Version 12.00
# Visual Studio Version 16
VisualStudioVersion = 16.0.31911.196
MinimumVisualStudioVersion = 10.0.40219.1
Project("{FAE04EC0-301F-11D3-BF4B-00C04F79EFBC}") = "AlbingiaSiteWebBI", "AlbingiaSiteWebBI\AlbingiaSiteWebBI.csproj", "{8D7BCBAC-42E4-4CC3-B377-05D66C474C3D}"
EndProject
Global
	GlobalSection(SolutionConfigurationPlatforms) = preSolution
		Debug|Any CPU = Debug|Any CPU
		Release|Any CPU = Release|Any CPU
	EndGlobalSection
	GlobalSection(ProjectConfigurationPlatforms) = postSolution
		{8D7BCBAC-42E4-4CC3-B377-05D66C474C3D}.Debug|Any CPU.ActiveCfg = Debug|Any CPU
		{8D7BCBAC-42E4-4CC3-B377-05D66C474C3D}.Debug|Any CPU.Build.0 = Debug|Any CPU
		{8D7BCBAC-42E4-4CC3-B377-05D66C474C3D}.Release|Any CPU.ActiveCfg = Release|Any CPU
		{8D7BCBAC-42E4-4CC3-B377-05D66C474C3D}.Release|Any CPU.Build.0 = Release|Any CPU
	EndGlobalSection
	GlobalSection(SolutionProperties) = preSolution
		HideSolutionNode = FALSE
	EndGlobalSection
	GlobalSection(ExtensibilityGlobals) = postSolution
		SolutionGuid = {D9131F67-D0D3-4C44-87A1-2CE5BD6BBE92}
	EndGlobalSection
	GlobalSection(TeamFoundationVersionControl) = preSolution
		SccNumberOfProjects = 2
		SccEnterpriseProvider = {4CA58AB2-18FA-4F8D-95D4-32DDF27D184C}
		SccTeamFoundationServer = http://tfs2018/defaultcollection
		SccLocalPath0 = .
		SccProjectUniqueName1 = AlbingiaSiteWebBI\\AlbingiaSiteWebBI.csproj
		SccProjectName1 = AlbingiaSiteWebBI
		SccLocalPath1 = AlbingiaSiteWebBI
	EndGlobalSection
EndGlobal
